// !$*UTF8*$!
{
	archiveVersion = 1;
	classes = {
	};
	objectVersion = 46;
	objects = {

/* Begin PBXBuildFile section */
		87D7A3321683A41C00180FFC /* UIKit.framework in Frameworks */ = {isa = PBXBuildFile; fileRef = 87D7A3311683A41C00180FFC /* UIKit.framework */; };
		87D7A3341683A41C00180FFC /* Foundation.framework in Frameworks */ = {isa = PBXBuildFile; fileRef = 87D7A3331683A41C00180FFC /* Foundation.framework */; };
		87D7A3361683A41C00180FFC /* CoreGraphics.framework in Frameworks */ = {isa = PBXBuildFile; fileRef = 87D7A3351683A41C00180FFC /* CoreGraphics.framework */; };
		87D7A33C1683A41C00180FFC /* InfoPlist.strings in Resources */ = {isa = PBXBuildFile; fileRef = 87D7A33A1683A41C00180FFC /* InfoPlist.strings */; };
		87D7A33E1683A41C00180FFC /* main.m in Sources */ = {isa = PBXBuildFile; fileRef = 87D7A33D1683A41C00180FFC /* main.m */; };
		87D7A3421683A41C00180FFC /* CalculatorAppDelegate.m in Sources */ = {isa = PBXBuildFile; fileRef = 87D7A3411683A41C00180FFC /* CalculatorAppDelegate.m */; };
		87D7A3441683A41C00180FFC /* Default.png in Resources */ = {isa = PBXBuildFile; fileRef = 87D7A3431683A41C00180FFC /* Default.png */; };
		87D7A3461683A41C00180FFC /* Default@2x.png in Resources */ = {isa = PBXBuildFile; fileRef = 87D7A3451683A41C00180FFC /* Default@2x.png */; };
		87D7A3481683A41C00180FFC /* Default-568h@2x.png in Resources */ = {isa = PBXBuildFile; fileRef = 87D7A3471683A41C00180FFC /* Default-568h@2x.png */; };
		87D7A34B1683A41C00180FFC /* MainStoryboard.storyboard in Resources */ = {isa = PBXBuildFile; fileRef = 87D7A3491683A41C00180FFC /* MainStoryboard.storyboard */; };
		87D7A34E1683A41C00180FFC /* CalculatorViewController.m in Sources */ = {isa = PBXBuildFile; fileRef = 87D7A34D1683A41C00180FFC /* CalculatorViewController.m */; };
/* End PBXBuildFile section */

/* Begin PBXFileReference section */
		87D7A32D1683A41C00180FFC /* Calculator.app */ = {isa = PBXFileReference; explicitFileType = wrapper.application; includeInIndex = 0; path = Calculator.app; sourceTree = BUILT_PRODUCTS_DIR; };
		87D7A3311683A41C00180FFC /* UIKit.framework */ = {isa = PBXFileReference; lastKnownFileType = wrapper.framework; name = UIKit.framework; path = System/Library/Frameworks/UIKit.framework; sourceTree = SDKROOT; };
		87D7A3331683A41C00180FFC /* Foundation.framework */ = {isa = PBXFileReference; lastKnownFileType = wrapper.framework; name = Foundation.framework; path = System/Library/Frameworks/Foundation.framework; sourceTree = SDKROOT; };
		87D7A3351683A41C00180FFC /* CoreGraphics.framework */ = {isa = PBXFileReference; lastKnownFileType = wrapper.framework; name = CoreGraphics.framework; path = System/Library/Frameworks/CoreGraphics.framework; sourceTree = SDKROOT; };
		87D7A3391683A41C00180FFC /* Calculator-Info.plist */ = {isa = PBXFileReference; lastKnownFileType = text.plist.xml; path = "Calculator-Info.plist"; sourceTree = "<group>"; };
		87D7A33B1683A41C00180FFC /* en */ = {isa = PBXFileReference; lastKnownFileType = text.plist.strings; name = en; path = en.lproj/InfoPlist.strings; sourceTree = "<group>"; };
		87D7A33D1683A41C00180FFC /* main.m */ = {isa = PBXFileReference; lastKnownFileType = sourcecode.c.objc; path = main.m; sourceTree = "<group>"; };
		87D7A33F1683A41C00180FFC /* Calculator-Prefix.pch */ = {isa = PBXFileReference; lastKnownFileType = sourcecode.c.h; path = "Calculator-Prefix.pch"; sourceTree = "<group>"; };
		87D7A3401683A41C00180FFC /* CalculatorAppDelegate.h */ = {isa = PBXFileReference; lastKnownFileType = sourcecode.c.h; path = CalculatorAppDelegate.h; sourceTree = "<group>"; };
		87D7A3411683A41C00180FFC /* CalculatorAppDelegate.m */ = {isa = PBXFileReference; lastKnownFileType = sourcecode.c.objc; path = CalculatorAppDelegate.m; sourceTree = "<group>"; };
		87D7A3431683A41C00180FFC /* Default.png */ = {isa = PBXFileReference; lastKnownFileType = image.png; path = Default.png; sourceTree = "<group>"; };
		87D7A3451683A41C00180FFC /* Default@2x.png */ = {isa = PBXFileReference; lastKnownFileType = image.png; path = "Default@2x.png"; sourceTree = "<group>"; };
		87D7A3471683A41C00180FFC /* Default-568h@2x.png */ = {isa = PBXFileReference; lastKnownFileType = image.png; path = "Default-568h@2x.png"; sourceTree = "<group>"; };
		87D7A34A1683A41C00180FFC /* en */ = {isa = PBXFileReference; lastKnownFileType = file.storyboard; name = en; path = en.lproj/MainStoryboard.storyboard; sourceTree = "<group>"; };
		87D7A34C1683A41C00180FFC /* CalculatorViewController.h */ = {isa = PBXFileReference; lastKnownFileType = sourcecode.c.h; path = CalculatorViewController.h; sourceTree = "<group>"; };
		87D7A34D1683A41C00180FFC /* CalculatorViewController.m */ = {isa = PBXFileReference; lastKnownFileType = sourcecode.c.objc; path = CalculatorViewController.m; sourceTree = "<group>"; };
/* End PBXFileReference section */

/* Begin PBXFrameworksBuildPhase section */
		87D7A32A1683A41C00180FFC /* Frameworks */ = {
			isa = PBXFrameworksBuildPhase;
			buildActionMask = 2147483647;
			files = (
				87D7A3321683A41C00180FFC /* UIKit.framework in Frameworks */,
				87D7A3341683A41C00180FFC /* Foundation.framework in Frameworks */,
				87D7A3361683A41C00180FFC /* CoreGraphics.framework in Frameworks */,
			);
			runOnlyForDeploymentPostprocessing = 0;
		};
/* End PBXFrameworksBuildPhase section */

/* Begin PBXGroup section */
		87D7A3221683A41C00180FFC = {
			isa = PBXGroup;
			children = (
				87D7A3371683A41C00180FFC /* Calculator */,
				87D7A3301683A41C00180FFC /* Frameworks */,
				87D7A32E1683A41C00180FFC /* Products */,
			);
			sourceTree = "<group>";
		};
		87D7A32E1683A41C00180FFC /* Products */ = {
			isa = PBXGroup;
			children = (
				87D7A32D1683A41C00180FFC /* Calculator.app */,
			);
			name = Products;
			sourceTree = "<group>";
		};
		87D7A3301683A41C00180FFC /* Frameworks */ = {
			isa = PBXGroup;
			children = (
				87D7A3311683A41C00180FFC /* UIKit.framework */,
				87D7A3331683A41C00180FFC /* Foundation.framework */,
				87D7A3351683A41C00180FFC /* CoreGraphics.framework */,
			);
			name = Frameworks;
			sourceTree = "<group>";
		};
		87D7A3371683A41C00180FFC /* Calculator */ = {
			isa = PBXGroup;
			children = (
				87D7A3401683A41C00180FFC /* CalculatorAppDelegate.h */,
				87D7A3411683A41C00180FFC /* CalculatorAppDelegate.m */,
				87D7A3491683A41C00180FFC /* MainStoryboard.storyboard */,
				87D7A34C1683A41C00180FFC /* CalculatorViewController.h */,
				87D7A34D1683A41C00180FFC /* CalculatorViewController.m */,
				87D7A3381683A41C00180FFC /* Supporting Files */,
			);
			path = Calculator;
			sourceTree = "<group>";
		};
		87D7A3381683A41C00180FFC /* Supporting Files */ = {
			isa = PBXGroup;
			children = (
				87D7A3391683A41C00180FFC /* Calculator-Info.plist */,
				87D7A33A1683A41C00180FFC /* InfoPlist.strings */,
				87D7A33D1683A41C00180FFC /* main.m */,
				87D7A33F1683A41C00180FFC /* Calculator-Prefix.pch */,
				87D7A3431683A41C00180FFC /* Default.png */,
				87D7A3451683A41C00180FFC /* Default@2x.png */,
				87D7A3471683A41C00180FFC /* Default-568h@2x.png */,
			);
			name = "Supporting Files";
			sourceTree = "<group>";
		};
/* End PBXGroup section */

/* Begin PBXNativeTarget section */
		87D7A32C1683A41C00180FFC /* Calculator */ = {
			isa = PBXNativeTarget;
			buildConfigurationList = 87D7A3511683A41C00180FFC /* Build configuration list for PBXNativeTarget "Calculator" */;
			buildPhases = (
				87D7A3291683A41C00180FFC /* Sources */,
				87D7A32A1683A41C00180FFC /* Frameworks */,
				87D7A32B1683A41C00180FFC /* Resources */,
			);
			buildRules = (
			);
			dependencies = (
			);
			name = Calculator;
			productName = Calculator;
			productReference = 87D7A32D1683A41C00180FFC /* Calculator.app */;
			productType = "com.apple.product-type.application";
		};
/* End PBXNativeTarget section */

/* Begin PBXProject section */
		87D7A3241683A41C00180FFC /* Project object */ = {
			isa = PBXProject;
			attributes = {
				CLASSPREFIX = Calculator;
				LastUpgradeCheck = 0450;
				ORGANIZATIONNAME = "Keith Wedinger";
			};
			buildConfigurationList = 87D7A3271683A41C00180FFC /* Build configuration list for PBXProject "Calculator" */;
			compatibilityVersion = "Xcode 3.2";
			developmentRegion = English;
			hasScannedForEncodings = 0;
			knownRegions = (
				en,
			);
			mainGroup = 87D7A3221683A41C00180FFC;
			productRefGroup = 87D7A32E1683A41C00180FFC /* Products */;
			projectDirPath = "";
			projectRoot = "";
			targets = (
				87D7A32C1683A41C00180FFC /* Calculator */,
			);
		};
/* End PBXProject section */

/* Begin PBXResourcesBuildPhase section */
		87D7A32B1683A41C00180FFC /* Resources */ = {
			isa = PBXResourcesBuildPhase;
			buildActionMask = 2147483647;
			files = (
				87D7A33C1683A41C00180FFC /* InfoPlist.strings in Resources */,
				87D7A3441683A41C00180FFC /* Default.png in Resources */,
				87D7A3461683A41C00180FFC /* Default@2x.png in Resources */,
				87D7A3481683A41C00180FFC /* Default-568h@2x.png in Resources */,
				87D7A34B1683A41C00180FFC /* MainStoryboard.storyboard in Resources */,
			);
			runOnlyForDeploymentPostprocessing = 0;
		};
/* End PBXResourcesBuildPhase section */

/* Begin PBXSourcesBuildPhase section */
		87D7A3291683A41C00180FFC /* Sources */ = {
			isa = PBXSourcesBuildPhase;
			buildActionMask = 2147483647;
			files = (
				87D7A33E1683A41C00180FFC /* main.m in Sources */,
				87D7A3421683A41C00180FFC /* CalculatorAppDelegate.m in Sources */,
				87D7A34E1683A41C00180FFC /* CalculatorViewController.m in Sources */,
			);
			runOnlyForDeploymentPostprocessing = 0;
		};
/* End PBXSourcesBuildPhase section */

/* Begin PBXVariantGroup section */
		87D7A33A1683A41C00180FFC /* InfoPlist.strings */ = {
			isa = PBXVariantGroup;
			children = (
				87D7A33B1683A41C00180FFC /* en */,
			);
			name = InfoPlist.strings;
			sourceTree = "<group>";
		};
		87D7A3491683A41C00180FFC /* MainStoryboard.storyboard */ = {
			isa = PBXVariantGroup;
			children = (
				87D7A34A1683A41C00180FFC /* en */,
			);
			name = MainStoryboard.storyboard;
			sourceTree = "<group>";
		};
/* End PBXVariantGroup section */

/* Begin XCBuildConfiguration section */
		87D7A34F1683A41C00180FFC /* Debug */ = {
			isa = XCBuildConfiguration;
			buildSettings = {
				ALWAYS_SEARCH_USER_PATHS = NO;
				CLANG_CXX_LANGUAGE_STANDARD = "gnu++0x";
				CLANG_CXX_LIBRARY = "libc++";
				CLANG_ENABLE_OBJC_ARC = YES;
				CLANG_WARN_EMPTY_BODY = YES;
				CLANG_WARN__DUPLICATE_METHOD_MATCH = YES;
				"CODE_SIGN_IDENTITY[sdk=iphoneos*]" = "iPhone Developer";
				COPY_PHASE_STRIP = NO;
				GCC_C_LANGUAGE_STANDARD = gnu99;
				GCC_DYNAMIC_NO_PIC = NO;
				GCC_OPTIMIZATION_LEVEL = 0;
				GCC_PREPROCESSOR_DEFINITIONS = (
					"DEBUG=1",
					"$(inherited)",
				);
				GCC_SYMBOLS_PRIVATE_EXTERN = NO;
				GCC_WARN_ABOUT_RETURN_TYPE = YES;
				GCC_WARN_UNINITIALIZED_AUTOS = YES;
				GCC_WARN_UNUSED_VARIABLE = YES;
				IPHONEOS_DEPLOYMENT_TARGET = 6.0;
				ONLY_ACTIVE_ARCH = YES;
				SDKROOT = iphoneos;
			};
			name = Debug;
		};
		87D7A3501683A41C00180FFC /* Release */ = {
			isa = XCBuildConfiguration;
			buildSettings = {
				ALWAYS_SEARCH_USER_PATHS = NO;
				CLANG_CXX_LANGUAGE_STANDARD = "gnu++0x";
				CLANG_CXX_LIBRARY = "libc++";
				CLANG_ENABLE_OBJC_ARC = YES;
				CLANG_WARN_EMPTY_BODY = YES;
				CLANG_WARN__DUPLICATE_METHOD_MATCH = YES;
				"CODE_SIGN_IDENTITY[sdk=iphoneos*]" = "iPhone Developer";
				COPY_PHASE_STRIP = YES;
				GCC_C_LANGUAGE_STANDARD = gnu99;
				GCC_WARN_ABOUT_RETURN_TYPE = YES;
				GCC_WARN_UNINITIALIZED_AUTOS = YES;
				GCC_WARN_UNUSED_VARIABLE = YES;
				IPHONEOS_DEPLOYMENT_TARGET = 6.0;
				OTHER_CFLAGS = "-DNS_BLOCK_ASSERTIONS=1";
				SDKROOT = iphoneos;
				VALIDATE_PRODUCT = YES;
			};
			name = Release;
		};
		87D7A3521683A41C00180FFC /* Debug */ = {
			isa = XCBuildConfiguration;
			buildSettings = {
				GCC_PRECOMPILE_PREFIX_HEADER = YES;
				GCC_PREFIX_HEADER = "Calculator/Calculator-Prefix.pch";
				INFOPLIST_FILE = "Calculator/Calculator-Info.plist";
				PRODUCT_NAME = "$(TARGET_NAME)";
				WRAPPER_EXTENSION = app;
			};
			name = Debug;
		};
		87D7A3531683A41C00180FFC /* Release */ = {
			isa = XCBuildConfiguration;
			buildSettings = {
				GCC_PRECOMPILE_PREFIX_HEADER = YES;
				GCC_PREFIX_HEADER = "Calculator/Calculator-Prefix.pch";
				INFOPLIST_FILE = "Calculator/Calculator-Info.plist";
				PRODUCT_NAME = "$(TARGET_NAME)";
				WRAPPER_EXTENSION = app;
			};
			name = Release;
		};
/* End XCBuildConfiguration section */

/* Begin XCConfigurationList section */
		87D7A3271683A41C00180FFC /* Build configuration list for PBXProject "Calculator" */ = {
			isa = XCConfigurationList;
			buildConfigurations = (
				87D7A34F1683A41C00180FFC /* Debug */,
				87D7A3501683A41C00180FFC /* Release */,
			);
			defaultConfigurationIsVisible = 0;
			defaultConfigurationName = Release;
		};
		87D7A3511683A41C00180FFC /* Build configuration list for PBXNativeTarget "Calculator" */ = {
			isa = XCConfigurationList;
			buildConfigurations = (
				87D7A3521683A41C00180FFC /* Debug */,
				87D7A3531683A41C00180FFC /* Release */,
			);
			defaultConfigurationIsVisible = 0;
		};
/* End XCConfigurationList section */
	};
	rootObject = 87D7A3241683A41C00180FFC /* Project object */;
}
